
Microsoft Visual Studio Solution File, Format Version 12.00
# Visual Studio Version 17
VisualStudioVersion = 17.5.33627.172
MinimumVisualStudioVersion = 10.0.40219.1
Project("{FAE04EC0-301F-11D3-BF4B-00C04F79EFBC}") = "Movie Explorer", "Movie Explorer.csproj", "{2B939DBD-D1F8-4F18-A4F7-50EC778D27E2}"
EndProject
Global
	GlobalSection(SolutionConfigurationPlatforms) = preSolution
		Debug|Any CPU = Debug|Any CPU
		Release|Any CPU = Release|Any CPU
	EndGlobalSection
	GlobalSection(ProjectConfigurationPlatforms) = postSolution
		{2B939DBD-D1F8-4F18-A4F7-50EC778D27E2}.Debug|Any CPU.ActiveCfg = Debug|Any CPU
		{2B939DBD-D1F8-4F18-A4F7-50EC778D27E2}.Debug|Any CPU.Build.0 = Debug|Any CPU
		{2B939DBD-D1F8-4F18-A4F7-50EC778D27E2}.Release|Any CPU.ActiveCfg = Release|Any CPU
		{2B939DBD-D1F8-4F18-A4F7-50EC778D27E2}.Release|Any CPU.Build.0 = Release|Any CPU
	EndGlobalSection
	GlobalSection(SolutionProperties) = preSolution
		HideSolutionNode = FALSE
	EndGlobalSection
	GlobalSection(ExtensibilityGlobals) = postSolution
		SolutionGuid = {11E0AFAF-5514-4C42-BBAF-6419DCA96315}
	EndGlobalSection
EndGlobal
